#MicroXplorer Configuration settings - do not modify
File.Version=6
KeepUserPlacement=false
Mcu.Family=STM32L4
Mcu.IP0=CRC
Mcu.IP1=NVIC
Mcu.IP2=RCC
Mcu.IP3=SYS
Mcu.IPNb=4
Mcu.Name=STM32L475V(C-E-G)Tx
Mcu.Package=LQFP100
Mcu.Pin0=VP_CRC_VS_CRC
Mcu.Pin1=VP_SYS_VS_tim1
Mcu.Pin2=VP_STMicroelectronics.X-CUBE-AI_VS_ArtificialOoIntelligenceJjXAaCUBEAaAI_7.1.0
Mcu.PinsNb=3
Mcu.ThirdParty0=STMicroelectronics.X-CUBE-AI.7.1.0
Mcu.ThirdPartyNb=1
Mcu.UserConstants=
Mcu.UserName=STM32L475VGTx
MxCube.Version=6.3.0
MxDb.Version=DB.6.0.30
NVIC.BusFault_IRQn=true\:0\:0\:false\:false\:true\:true\:false
NVIC.DebugMonitor_IRQn=true\:0\:0\:false\:false\:true\:true\:false
NVIC.ForceEnableDMAVector=true
NVIC.HardFault_IRQn=true\:0\:0\:false\:false\:true\:true\:false
NVIC.MemoryManagement_IRQn=true\:0\:0\:false\:false\:true\:true\:false
NVIC.NonMaskableInt_IRQn=true\:0\:0\:false\:false\:true\:true\:false
NVIC.PendSV_IRQn=true\:0\:0\:false\:false\:true\:true\:false
NVIC.PriorityGroup=NVIC_PRIORITYGROUP_4
NVIC.SVCall_IRQn=true\:0\:0\:false\:false\:true\:true\:false
NVIC.SysTick_IRQn=true\:0\:0\:false\:false\:true\:true\:true
NVIC.TIM1_UP_TIM16_IRQn=true\:15\:0\:false\:false\:true\:false\:true
NVIC.TimeBase=TIM1_UP_TIM16_IRQn
NVIC.TimeBaseIP=TIM1
NVIC.UsageFault_IRQn=true\:0\:0\:false\:false\:true\:true\:false
PinOutPanel.RotationAngle=0
ProjectManager.AskForMigrate=true
ProjectManager.BackupPrevious=false
ProjectManager.CompilerOptimize=6
ProjectManager.ComputerToolchain=false
ProjectManager.CoupleFile=false
ProjectManager.CustomerFirmwarePackage=
ProjectManager.DefaultFWLocation=true
ProjectManager.DeletePrevious=true
ProjectManager.DeviceId=STM32L475VGTx
ProjectManager.FirmwarePackage=STM32Cube FW_L4 V1.17.1
ProjectManager.FreePins=false
ProjectManager.HalAssertFull=false
ProjectManager.HeapSize=0x800
ProjectManager.KeepUserCode=true
ProjectManager.LastFirmware=true
ProjectManager.LibraryCopy=1
ProjectManager.MainLocation=Core/Src
ProjectManager.NoMain=false
ProjectManager.PreviousToolchain=
ProjectManager.ProjectBuild=false
ProjectManager.ProjectFileName=stm32l475-cpp-digit-kws-ds-cnn.ioc
ProjectManager.ProjectName=stm32l475-cpp-digit-kws-ds-cnn
ProjectManager.RegisterCallBack=
ProjectManager.StackSize=0x800
ProjectManager.TargetToolchain=STM32CubeIDE
ProjectManager.ToolChainLocation=
ProjectManager.UnderRoot=true
ProjectManager.functionlistsort=1-SystemClock_Config-RCC-false-HAL-false
RCC.ADCFreq_Value=48000000
RCC.AHBFreq_Value=80000000
RCC.APB1Freq_Value=80000000
RCC.APB1TimFreq_Value=80000000
RCC.APB2Freq_Value=80000000
RCC.APB2TimFreq_Value=80000000
RCC.CortexFreq_Value=80000000
RCC.DFSDMFreq_Value=80000000
RCC.FCLKCortexFreq_Value=80000000
RCC.FamilyName=M
RCC.HCLKFreq_Value=80000000
RCC.HSE_VALUE=8000000
RCC.HSI_VALUE=16000000
RCC.I2C1Freq_Value=80000000
RCC.I2C2Freq_Value=80000000
RCC.I2C3Freq_Value=80000000
RCC.IPParameters=ADCFreq_Value,AHBFreq_Value,APB1Freq_Value,APB1TimFreq_Value,APB2Freq_Value,APB2TimFreq_Value,CortexFreq_Value,DFSDMFreq_Value,FCLKCortexFreq_Value,FamilyName,HCLKFreq_Value,HSE_VALUE,HSI_VALUE,I2C1Freq_Value,I2C2Freq_Value,I2C3Freq_Value,LPTIM1Freq_Value,LPTIM2Freq_Value,LPUART1Freq_Value,LSCOPinFreq_Value,LSE_VALUE,LSI_VALUE,MCO1PinFreq_Value,MSI_VALUE,PLLN,PLLPoutputFreq_Value,PLLQoutputFreq_Value,PLLRCLKFreq_Value,PLLSAI1N,PLLSAI1PoutputFreq_Value,PLLSAI1QoutputFreq_Value,PLLSAI1RoutputFreq_Value,PLLSAI2PoutputFreq_Value,PLLSAI2RoutputFreq_Value,PWRFreq_Value,RNGFreq_Value,SAI1Freq_Value,SAI2Freq_Value,SDMMCFreq_Value,SWPMI1Freq_Value,SYSCLKFreq_VALUE,SYSCLKSource,UART4Freq_Value,UART5Freq_Value,USART1Freq_Value,USART2Freq_Value,USART3Freq_Value,USBFreq_Value,VCOInputFreq_Value,VCOOutputFreq_Value,VCOSAI1OutputFreq_Value,VCOSAI2OutputFreq_Value
RCC.LPTIM1Freq_Value=80000000
RCC.LPTIM2Freq_Value=80000000
RCC.LPUART1Freq_Value=80000000
RCC.LSCOPinFreq_Value=32000
RCC.LSE_VALUE=32768
RCC.LSI_VALUE=32000
RCC.MCO1PinFreq_Value=80000000
RCC.MSI_VALUE=4000000
RCC.PLLN=40
RCC.PLLPoutputFreq_Value=22857142.85714286
RCC.PLLQoutputFreq_Value=80000000
RCC.PLLRCLKFreq_Value=80000000
RCC.PLLSAI1N=24
RCC.PLLSAI1PoutputFreq_Value=13714285.714285715
RCC.PLLSAI1QoutputFreq_Value=48000000
RCC.PLLSAI1RoutputFreq_Value=48000000
RCC.PLLSAI2PoutputFreq_Value=4571428.571428572
RCC.PLLSAI2RoutputFreq_Value=16000000
RCC.PWRFreq_Value=80000000
RCC.RNGFreq_Value=48000000
RCC.SAI1Freq_Value=13714285.714285715
RCC.SAI2Freq_Value=13714285.714285715
RCC.SDMMCFreq_Value=48000000
RCC.SWPMI1Freq_Value=80000000
RCC.SYSCLKFreq_VALUE=80000000
RCC.SYSCLKSource=RCC_SYSCLKSOURCE_PLLCLK
RCC.UART4Freq_Value=80000000
RCC.UART5Freq_Value=80000000
RCC.USART1Freq_Value=80000000
RCC.USART2Freq_Value=80000000
RCC.USART3Freq_Value=80000000
RCC.USBFreq_Value=48000000
RCC.VCOInputFreq_Value=4000000
RCC.VCOOutputFreq_Value=160000000
RCC.VCOSAI1OutputFreq_Value=96000000
RCC.VCOSAI2OutputFreq_Value=32000000
STMicroelectronics.X-CUBE-AI.7.1.0.ActivationBufferSizeList=37384
STMicroelectronics.X-CUBE-AI.7.1.0.ActivationBuffers=pool0
STMicroelectronics.X-CUBE-AI.7.1.0.ActivationNames=pool0
STMicroelectronics.X-CUBE-AI.7.1.0.ActivationSizes=AI_CNN_MODEL_DATA_ACTIVATION_1_SIZE
STMicroelectronics.X-CUBE-AI.7.1.0.ArtificialOoIntelligenceJjXAaCUBEAaAI_Checked=true
STMicroelectronics.X-CUBE-AI.7.1.0.HeapSize=0x800
STMicroelectronics.X-CUBE-AI.7.1.0.IPParameters=HeapSize,StackSize,XAaCUBEAaAICcArtificialOoIntelligenceJjCore,ModelName-40aae6a04f48f5819d59d0d4b53eabf640fbb3528f935744ad56bd0a76b04dce,ModelType-40aae6a04f48f5819d59d0d4b53eabf640fbb3528f935744ad56bd0a76b04dce,ModelKind-40aae6a04f48f5819d59d0d4b53eabf640fbb3528f935744ad56bd0a76b04dce,ModelHashList,ModelNameList,WorkingBufferStartAddrList,LatestDirectoryUsed-40aae6a04f48f5819d59d0d4b53eabf640fbb3528f935744ad56bd0a76b04dce,ModelStructureFile-40aae6a04f48f5819d59d0d4b53eabf640fbb3528f935744ad56bd0a76b04dce,ModelMacc-40aae6a04f48f5819d59d0d4b53eabf640fbb3528f935744ad56bd0a76b04dce,ModelActualCompression-40aae6a04f48f5819d59d0d4b53eabf640fbb3528f935744ad56bd0a76b04dce,ModelRamOccupation-40aae6a04f48f5819d59d0d4b53eabf640fbb3528f935744ad56bd0a76b04dce,ModelFlashOccupation-40aae6a04f48f5819d59d0d4b53eabf640fbb3528f935744ad56bd0a76b04dce,ModelCompression-40aae6a04f48f5819d59d0d4b53eabf640fbb3528f935744ad56bd0a76b04dce,ActivationBuffers,ActivationSizes,ActivationNames,InternalRamActivationBufferMaxSize,ActivationBufferSizeList,MaximumNumberOfInputLayer,MaximumNumberOfOutputLayer,MaximumSizeOfInputLayer,MaximumSizeOfOutputLayer,ReadyForCodeGeneration
STMicroelectronics.X-CUBE-AI.7.1.0.InternalRamActivationBufferMaxSize=AI_CNN_MODEL_DATA_ACTIVATIONS_SIZE
STMicroelectronics.X-CUBE-AI.7.1.0.LatestDirectoryUsed-40aae6a04f48f5819d59d0d4b53eabf640fbb3528f935744ad56bd0a76b04dce=C\:\\Users\\Lenovo\\Downloads
STMicroelectronics.X-CUBE-AI.7.1.0.MaximumNumberOfInputLayer=1
STMicroelectronics.X-CUBE-AI.7.1.0.MaximumNumberOfOutputLayer=1
STMicroelectronics.X-CUBE-AI.7.1.0.MaximumSizeOfInputLayer=AI_CNN_MODEL_IN_1_SIZE_BYTES
STMicroelectronics.X-CUBE-AI.7.1.0.MaximumSizeOfOutputLayer=AI_CNN_MODEL_OUT_1_SIZE_BYTES
STMicroelectronics.X-CUBE-AI.7.1.0.ModelActualCompression-40aae6a04f48f5819d59d0d4b53eabf640fbb3528f935744ad56bd0a76b04dce=0.0
STMicroelectronics.X-CUBE-AI.7.1.0.ModelCompression-40aae6a04f48f5819d59d0d4b53eabf640fbb3528f935744ad56bd0a76b04dce=1
STMicroelectronics.X-CUBE-AI.7.1.0.ModelFlashOccupation-40aae6a04f48f5819d59d0d4b53eabf640fbb3528f935744ad56bd0a76b04dce=296756
STMicroelectronics.X-CUBE-AI.7.1.0.ModelHashList=40aae6a04f48f5819d59d0d4b53eabf640fbb3528f935744ad56bd0a76b04dce
STMicroelectronics.X-CUBE-AI.7.1.0.ModelKind-40aae6a04f48f5819d59d0d4b53eabf640fbb3528f935744ad56bd0a76b04dce=KERAS
STMicroelectronics.X-CUBE-AI.7.1.0.ModelMacc-40aae6a04f48f5819d59d0d4b53eabf640fbb3528f935744ad56bd0a76b04dce=2528106
STMicroelectronics.X-CUBE-AI.7.1.0.ModelName-40aae6a04f48f5819d59d0d4b53eabf640fbb3528f935744ad56bd0a76b04dce=cnn_model
STMicroelectronics.X-CUBE-AI.7.1.0.ModelNameList=cnn_model
STMicroelectronics.X-CUBE-AI.7.1.0.ModelRamOccupation-40aae6a04f48f5819d59d0d4b53eabf640fbb3528f935744ad56bd0a76b04dce=37384
STMicroelectronics.X-CUBE-AI.7.1.0.ModelStructureFile-40aae6a04f48f5819d59d0d4b53eabf640fbb3528f935744ad56bd0a76b04dce=C\:\\Users\\Lenovo\\Downloads\\cnn.h5
STMicroelectronics.X-CUBE-AI.7.1.0.ModelType-40aae6a04f48f5819d59d0d4b53eabf640fbb3528f935744ad56bd0a76b04dce=Saved model
STMicroelectronics.X-CUBE-AI.7.1.0.ReadyForCodeGeneration=true
STMicroelectronics.X-CUBE-AI.7.1.0.StackSize=0x800
STMicroelectronics.X-CUBE-AI.7.1.0.WorkingBufferStartAddrList=0xFFFFFFFF
STMicroelectronics.X-CUBE-AI.7.1.0.XAaCUBEAaAICcArtificialOoIntelligenceJjCore=true
STMicroelectronics.X-CUBE-AI.7.1.0_SwParameter=XAaCUBEAaAICcArtificialOoIntelligenceJjCore\:true;
VP_CRC_VS_CRC.Mode=CRC_Activate
VP_CRC_VS_CRC.Signal=CRC_VS_CRC
VP_STMicroelectronics.X-CUBE-AI_VS_ArtificialOoIntelligenceJjXAaCUBEAaAI_7.1.0.Mode=ArtificialOoIntelligenceJjXAaCUBEAaAI
VP_STMicroelectronics.X-CUBE-AI_VS_ArtificialOoIntelligenceJjXAaCUBEAaAI_7.1.0.Signal=STMicroelectronics.X-CUBE-AI_VS_ArtificialOoIntelligenceJjXAaCUBEAaAI_7.1.0
VP_SYS_VS_tim1.Mode=TIM1
VP_SYS_VS_tim1.Signal=SYS_VS_tim1
board=B-L475E-IOT01A2
boardIOC=true
isbadioc=false
